
Microsoft Visual Studio Solution File, Format Version 12.00
# Visual Studio Version 17
VisualStudioVersion = 17.13.35919.96 d17.13
MinimumVisualStudioVersion = 10.0.40219.1
Project("{FAE04EC0-301F-11D3-BF4B-00C04F79EFBC}") = "Common", "Common\Common.csproj", "{B6FDC505-FBC3-4826-B0B9-8A2F54FCACB5}"
EndProject
Project("{FAE04EC0-301F-11D3-BF4B-00C04F79EFBC}") = "Server", "Server\Server.csproj", "{3461765F-60A1-21BC-764E-FC799869FE2F}"
EndProject
Project("{FAE04EC0-301F-11D3-BF4B-00C04F79EFBC}") = "ClientPB", "ClientPB\ClientPB.csproj", "{38070AC2-FF8C-49D6-B659-69FCE345E33A}"
EndProject
Global
	GlobalSection(SolutionConfigurationPlatforms) = preSolution
		Debug|Any CPU = Debug|Any CPU
		Release|Any CPU = Release|Any CPU
	EndGlobalSection
	GlobalSection(ProjectConfigurationPlatforms) = postSolution
		{B6FDC505-FBC3-4826-B0B9-8A2F54FCACB5}.Debug|Any CPU.ActiveCfg = Debug|Any CPU
		{B6FDC505-FBC3-4826-B0B9-8A2F54FCACB5}.Debug|Any CPU.Build.0 = Debug|Any CPU
		{B6FDC505-FBC3-4826-B0B9-8A2F54FCACB5}.Release|Any CPU.ActiveCfg = Release|Any CPU
		{B6FDC505-FBC3-4826-B0B9-8A2F54FCACB5}.Release|Any CPU.Build.0 = Release|Any CPU
		{3461765F-60A1-21BC-764E-FC799869FE2F}.Debug|Any CPU.ActiveCfg = Debug|Any CPU
		{3461765F-60A1-21BC-764E-FC799869FE2F}.Debug|Any CPU.Build.0 = Debug|Any CPU
		{3461765F-60A1-21BC-764E-FC799869FE2F}.Release|Any CPU.ActiveCfg = Release|Any CPU
		{3461765F-60A1-21BC-764E-FC799869FE2F}.Release|Any CPU.Build.0 = Release|Any CPU
		{38070AC2-FF8C-49D6-B659-69FCE345E33A}.Debug|Any CPU.ActiveCfg = Debug|Any CPU
		{38070AC2-FF8C-49D6-B659-69FCE345E33A}.Debug|Any CPU.Build.0 = Debug|Any CPU
		{38070AC2-FF8C-49D6-B659-69FCE345E33A}.Release|Any CPU.ActiveCfg = Release|Any CPU
		{38070AC2-FF8C-49D6-B659-69FCE345E33A}.Release|Any CPU.Build.0 = Release|Any CPU
	EndGlobalSection
	GlobalSection(SolutionProperties) = preSolution
		HideSolutionNode = FALSE
	EndGlobalSection
	GlobalSection(ExtensibilityGlobals) = postSolution
		SolutionGuid = {D3BA07B3-5FF9-4A82-874B-5FC9E0058F64}
	EndGlobalSection
EndGlobal
